
Microsoft Visual Studio Solution File, Format Version 12.00
# Visual Studio Express 2012 for Windows Desktop
Project("{FAE04EC0-301F-11D3-BF4B-00C04F79EFBC}") = "rgbled", "rgbled\rgbled.csproj", "{AAA0424B-8329-42EB-8258-4EF7A4A95CEF}"
EndProject
Global
	GlobalSection(SolutionConfigurationPlatforms) = preSolution
		Debug|Any CPU = Debug|Any CPU
		Release|Any CPU = Release|Any CPU
	EndGlobalSection
	GlobalSection(ProjectConfigurationPlatforms) = postSolution
		{AAA0424B-8329-42EB-8258-4EF7A4A95CEF}.Debug|Any CPU.ActiveCfg = Debug|Any CPU
		{AAA0424B-8329-42EB-8258-4EF7A4A95CEF}.Debug|Any CPU.Build.0 = Debug|Any CPU
		{AAA0424B-8329-42EB-8258-4EF7A4A95CEF}.Release|Any CPU.ActiveCfg = Release|Any CPU
		{AAA0424B-8329-42EB-8258-4EF7A4A95CEF}.Release|Any CPU.Build.0 = Release|Any CPU
	EndGlobalSection
	GlobalSection(SolutionProperties) = preSolution
		HideSolutionNode = FALSE
	EndGlobalSection
EndGlobal
